
Microsoft Visual Studio Solution File, Format Version 12.00
# Visual Studio Version 16
VisualStudioVersion = 16.0.29001.49
MinimumVisualStudioVersion = 10.0.40219.1
Project("{FAE04EC0-301F-11D3-BF4B-00C04F79EFBC}") = "Kiva-MIDI", "Kiva-MIDI\Kiva-MIDI.csproj", "{47B2D2B8-530D-484C-955C-DBA0472AE45B}"
EndProject
Project("{FAE04EC0-301F-11D3-BF4B-00C04F79EFBC}") = "SharpDX.WPF", "SharpDX.WPF\SharpDX.WPF.csproj", "{587D723B-36B2-49E2-9018-E3ABD4B8BBA6}"
EndProject
Global
	GlobalSection(SolutionConfigurationPlatforms) = preSolution
		Debug|Any CPU = Debug|Any CPU
		Release|Any CPU = Release|Any CPU
	EndGlobalSection
	GlobalSection(ProjectConfigurationPlatforms) = postSolution
		{47B2D2B8-530D-484C-955C-DBA0472AE45B}.Debug|Any CPU.ActiveCfg = Debug|Any CPU
		{47B2D2B8-530D-484C-955C-DBA0472AE45B}.Debug|Any CPU.Build.0 = Debug|Any CPU
		{47B2D2B8-530D-484C-955C-DBA0472AE45B}.Release|Any CPU.ActiveCfg = Release|Any CPU
		{47B2D2B8-530D-484C-955C-DBA0472AE45B}.Release|Any CPU.Build.0 = Release|Any CPU
		{587D723B-36B2-49E2-9018-E3ABD4B8BBA6}.Debug|Any CPU.ActiveCfg = Debug|Any CPU
		{587D723B-36B2-49E2-9018-E3ABD4B8BBA6}.Debug|Any CPU.Build.0 = Debug|Any CPU
		{587D723B-36B2-49E2-9018-E3ABD4B8BBA6}.Release|Any CPU.ActiveCfg = Release|Any CPU
		{587D723B-36B2-49E2-9018-E3ABD4B8BBA6}.Release|Any CPU.Build.0 = Release|Any CPU
	EndGlobalSection
	GlobalSection(SolutionProperties) = preSolution
		HideSolutionNode = FALSE
	EndGlobalSection
	GlobalSection(ExtensibilityGlobals) = postSolution
		SolutionGuid = {A4A52900-CED7-44AD-82B2-ACAA8FCF8DFE}
	EndGlobalSection
EndGlobal
